// !$*UTF8*$!
{
	archiveVersion = 1;
	classes = {
	};
	objectVersion = 50;
	objects = {

/* Begin PBXBuildFile section */
		7D0349142354FE3000BD1AAF /* MoreStock_Storyboard.storyboard in Resources */ = {isa = PBXBuildFile; fileRef = 7D0349132354FE3000BD1AAF /* MoreStock_Storyboard.storyboard */; };
		7D0349162354FF7F00BD1AAF /* MoreStock_TableViewController.swift in Sources */ = {isa = PBXBuildFile; fileRef = 7D0349152354FF7F00BD1AAF /* MoreStock_TableViewController.swift */; };
		7D1911BD234C0B3600D699FB /* CustomCellTableViewCell.swift in Sources */ = {isa = PBXBuildFile; fileRef = 7D1911BC234C0B3600D699FB /* CustomCellTableViewCell.swift */; };
		7DAECB78234FAC5B006153CA /* StringExtension.swift in Sources */ = {isa = PBXBuildFile; fileRef = 7DAECB77234FAC5B006153CA /* StringExtension.swift */; };
		7DCC5C03234AA7E400CD4776 /* AppDelegate.swift in Sources */ = {isa = PBXBuildFile; fileRef = 7DCC5C02234AA7E400CD4776 /* AppDelegate.swift */; };
		7DCC5C05234AA7E400CD4776 /* SceneDelegate.swift in Sources */ = {isa = PBXBuildFile; fileRef = 7DCC5C04234AA7E400CD4776 /* SceneDelegate.swift */; };
		7DCC5C0A234AA7E400CD4776 /* Main.storyboard in Resources */ = {isa = PBXBuildFile; fileRef = 7DCC5C08234AA7E400CD4776 /* Main.storyboard */; };
		7DCC5C0C234AA7E700CD4776 /* Assets.xcassets in Resources */ = {isa = PBXBuildFile; fileRef = 7DCC5C0B234AA7E700CD4776 /* Assets.xcassets */; };
		7DCC5C0F234AA7E700CD4776 /* LaunchScreen.storyboard in Resources */ = {isa = PBXBuildFile; fileRef = 7DCC5C0D234AA7E700CD4776 /* LaunchScreen.storyboard */; };
		7DCC5C17234ABDBB00CD4776 /* NewOrder_TableViewController.swift in Sources */ = {isa = PBXBuildFile; fileRef = 7DCC5C16234ABDBB00CD4776 /* NewOrder_TableViewController.swift */; };
		7DCC5C19234ABDFE00CD4776 /* NewStock_TableViewController.swift in Sources */ = {isa = PBXBuildFile; fileRef = 7DCC5C18234ABDFE00CD4776 /* NewStock_TableViewController.swift */; };
		7DCC5C1B234ABE2100CD4776 /* ParentSheetSize_TableViewController.swift in Sources */ = {isa = PBXBuildFile; fileRef = 7DCC5C1A234ABE2100CD4776 /* ParentSheetSize_TableViewController.swift */; };
		7DCC5C1D234ABE3100CD4776 /* StockWeight_TableViewController.swift in Sources */ = {isa = PBXBuildFile; fileRef = 7DCC5C1C234ABE3100CD4776 /* StockWeight_TableViewController.swift */; };
		7DCC5C1F234ABE4500CD4776 /* VenderList_TableViewController.swift in Sources */ = {isa = PBXBuildFile; fileRef = 7DCC5C1E234ABE4500CD4776 /* VenderList_TableViewController.swift */; };
		7DCC5C21234ABE5800CD4776 /* VenderContactInfo_TableViewController.swift in Sources */ = {isa = PBXBuildFile; fileRef = 7DCC5C20234ABE5800CD4776 /* VenderContactInfo_TableViewController.swift */; };
		7DCC5C23234ABEA100CD4776 /* InventoryTracker_CollectionViewController.swift in Sources */ = {isa = PBXBuildFile; fileRef = 7DCC5C22234ABEA100CD4776 /* InventoryTracker_CollectionViewController.swift */; };
		7DCC5C25234ABECB00CD4776 /* InventoryDetailCell_CollectionViewCell.swift in Sources */ = {isa = PBXBuildFile; fileRef = 7DCC5C24234ABECB00CD4776 /* InventoryDetailCell_CollectionViewCell.swift */; };
		7DCC5C2B234ABF9D00CD4776 /* VenderModel.swift in Sources */ = {isa = PBXBuildFile; fileRef = 7DCC5C2A234ABF9D00CD4776 /* VenderModel.swift */; };
		7DCC5C2D234ABFEE00CD4776 /* Stock.swift in Sources */ = {isa = PBXBuildFile; fileRef = 7DCC5C2C234ABFEE00CD4776 /* Stock.swift */; };
		7DCC5C2F234AC73000CD4776 /* DataSource_InventoryTracker.swift in Sources */ = {isa = PBXBuildFile; fileRef = 7DCC5C2E234AC73000CD4776 /* DataSource_InventoryTracker.swift */; };
		7DCC5C31234AC7D500CD4776 /* Sections_CollectionViewController.swift in Sources */ = {isa = PBXBuildFile; fileRef = 7DCC5C30234AC7D400CD4776 /* Sections_CollectionViewController.swift */; };
		7DE44526234DAC6B007D838B /* CellIdentifiers.swift in Sources */ = {isa = PBXBuildFile; fileRef = 7DE44525234DAC6B007D838B /* CellIdentifiers.swift */; };
		7DE44528234DB338007D838B /* StockWeight_TableViewCell.swift in Sources */ = {isa = PBXBuildFile; fileRef = 7DE44527234DB338007D838B /* StockWeight_TableViewCell.swift */; };
/* End PBXBuildFile section */

/* Begin PBXFileReference section */
		7D0349132354FE3000BD1AAF /* MoreStock_Storyboard.storyboard */ = {isa = PBXFileReference; lastKnownFileType = file.storyboard; path = MoreStock_Storyboard.storyboard; sourceTree = "<group>"; };
		7D0349152354FF7F00BD1AAF /* MoreStock_TableViewController.swift */ = {isa = PBXFileReference; lastKnownFileType = sourcecode.swift; path = MoreStock_TableViewController.swift; sourceTree = "<group>"; };
		7D1911BC234C0B3600D699FB /* CustomCellTableViewCell.swift */ = {isa = PBXFileReference; lastKnownFileType = sourcecode.swift; path = CustomCellTableViewCell.swift; sourceTree = "<group>"; };
		7DAECB77234FAC5B006153CA /* StringExtension.swift */ = {isa = PBXFileReference; lastKnownFileType = sourcecode.swift; path = StringExtension.swift; sourceTree = "<group>"; };
		7DCC5BFF234AA7E400CD4776 /* IphoneInventoryTracker.app */ = {isa = PBXFileReference; explicitFileType = wrapper.application; includeInIndex = 0; path = IphoneInventoryTracker.app; sourceTree = BUILT_PRODUCTS_DIR; };
		7DCC5C02234AA7E400CD4776 /* AppDelegate.swift */ = {isa = PBXFileReference; lastKnownFileType = sourcecode.swift; path = AppDelegate.swift; sourceTree = "<group>"; };
		7DCC5C04234AA7E400CD4776 /* SceneDelegate.swift */ = {isa = PBXFileReference; lastKnownFileType = sourcecode.swift; path = SceneDelegate.swift; sourceTree = "<group>"; };
		7DCC5C09234AA7E400CD4776 /* Base */ = {isa = PBXFileReference; lastKnownFileType = file.storyboard; name = Base; path = Base.lproj/Main.storyboard; sourceTree = "<group>"; };
		7DCC5C0B234AA7E700CD4776 /* Assets.xcassets */ = {isa = PBXFileReference; lastKnownFileType = folder.assetcatalog; path = Assets.xcassets; sourceTree = "<group>"; };
		7DCC5C0E234AA7E700CD4776 /* Base */ = {isa = PBXFileReference; lastKnownFileType = file.storyboard; name = Base; path = Base.lproj/LaunchScreen.storyboard; sourceTree = "<group>"; };
		7DCC5C10234AA7E700CD4776 /* Info.plist */ = {isa = PBXFileReference; lastKnownFileType = text.plist.xml; path = Info.plist; sourceTree = "<group>"; };
		7DCC5C16234ABDBB00CD4776 /* NewOrder_TableViewController.swift */ = {isa = PBXFileReference; lastKnownFileType = sourcecode.swift; path = NewOrder_TableViewController.swift; sourceTree = "<group>"; };
		7DCC5C18234ABDFE00CD4776 /* NewStock_TableViewController.swift */ = {isa = PBXFileReference; lastKnownFileType = sourcecode.swift; path = NewStock_TableViewController.swift; sourceTree = "<group>"; };
		7DCC5C1A234ABE2100CD4776 /* ParentSheetSize_TableViewController.swift */ = {isa = PBXFileReference; lastKnownFileType = sourcecode.swift; path = ParentSheetSize_TableViewController.swift; sourceTree = "<group>"; };
		7DCC5C1C234ABE3100CD4776 /* StockWeight_TableViewController.swift */ = {isa = PBXFileReference; lastKnownFileType = sourcecode.swift; path = StockWeight_TableViewController.swift; sourceTree = "<group>"; };
		7DCC5C1E234ABE4500CD4776 /* VenderList_TableViewController.swift */ = {isa = PBXFileReference; lastKnownFileType = sourcecode.swift; path = VenderList_TableViewController.swift; sourceTree = "<group>"; };
		7DCC5C20234ABE5800CD4776 /* VenderContactInfo_TableViewController.swift */ = {isa = PBXFileReference; lastKnownFileType = sourcecode.swift; path = VenderContactInfo_TableViewController.swift; sourceTree = "<group>"; };
		7DCC5C22234ABEA100CD4776 /* InventoryTracker_CollectionViewController.swift */ = {isa = PBXFileReference; lastKnownFileType = sourcecode.swift; path = InventoryTracker_CollectionViewController.swift; sourceTree = "<group>"; };
		7DCC5C24234ABECB00CD4776 /* InventoryDetailCell_CollectionViewCell.swift */ = {isa = PBXFileReference; lastKnownFileType = sourcecode.swift; path = InventoryDetailCell_CollectionViewCell.swift; sourceTree = "<group>"; };
		7DCC5C2A234ABF9D00CD4776 /* VenderModel.swift */ = {isa = PBXFileReference; lastKnownFileType = sourcecode.swift; path = VenderModel.swift; sourceTree = "<group>"; };
		7DCC5C2C234ABFEE00CD4776 /* Stock.swift */ = {isa = PBXFileReference; lastKnownFileType = sourcecode.swift; path = Stock.swift; sourceTree = "<group>"; };
		7DCC5C2E234AC73000CD4776 /* DataSource_InventoryTracker.swift */ = {isa = PBXFileReference; lastKnownFileType = sourcecode.swift; path = DataSource_InventoryTracker.swift; sourceTree = "<group>"; };
		7DCC5C30234AC7D400CD4776 /* Sections_CollectionViewController.swift */ = {isa = PBXFileReference; lastKnownFileType = sourcecode.swift; path = Sections_CollectionViewController.swift; sourceTree = "<group>"; };
		7DE44525234DAC6B007D838B /* CellIdentifiers.swift */ = {isa = PBXFileReference; lastKnownFileType = sourcecode.swift; path = CellIdentifiers.swift; sourceTree = "<group>"; };
		7DE44527234DB338007D838B /* StockWeight_TableViewCell.swift */ = {isa = PBXFileReference; lastKnownFileType = sourcecode.swift; path = StockWeight_TableViewCell.swift; sourceTree = "<group>"; };
/* End PBXFileReference section */

/* Begin PBXFrameworksBuildPhase section */
		7DCC5BFC234AA7E400CD4776 /* Frameworks */ = {
			isa = PBXFrameworksBuildPhase;
			buildActionMask = 2147483647;
			files = (
			);
			runOnlyForDeploymentPostprocessing = 0;
		};
/* End PBXFrameworksBuildPhase section */

/* Begin PBXGroup section */
		7D0349172354FF8700BD1AAF /* MoreStockController */ = {
			isa = PBXGroup;
			children = (
				7D0349152354FF7F00BD1AAF /* MoreStock_TableViewController.swift */,
			);
			path = MoreStockController;
			sourceTree = "<group>";
		};
		7D1911BB234C0AE000D699FB /* ParentSheetSizeController */ = {
			isa = PBXGroup;
			children = (
				7DCC5C1A234ABE2100CD4776 /* ParentSheetSize_TableViewController.swift */,
				7D1911BC234C0B3600D699FB /* CustomCellTableViewCell.swift */,
			);
			path = ParentSheetSizeController;
			sourceTree = "<group>";
		};
		7DB454EF234BEECB00CACBCC /* MainInventoryController */ = {
			isa = PBXGroup;
			children = (
				7DCC5C22234ABEA100CD4776 /* InventoryTracker_CollectionViewController.swift */,
				7DCC5C2E234AC73000CD4776 /* DataSource_InventoryTracker.swift */,
			);
			path = MainInventoryController;
			sourceTree = "<group>";
		};
		7DB454F0234BEEF800CACBCC /* AddStockController */ = {
			isa = PBXGroup;
			children = (
				7DCC5C18234ABDFE00CD4776 /* NewStock_TableViewController.swift */,
				7D1911BB234C0AE000D699FB /* ParentSheetSizeController */,
				7DF27304234D9F1900FFC75A /* StockWeightController */,
				7DF27305234D9F5200FFC75A /* VenderListController */,
			);
			path = AddStockController;
			sourceTree = "<group>";
		};
		7DB454F1234BEF8300CACBCC /* NewOrderController */ = {
			isa = PBXGroup;
			children = (
				7DCC5C16234ABDBB00CD4776 /* NewOrder_TableViewController.swift */,
			);
			path = NewOrderController;
			sourceTree = "<group>";
		};
		7DCC5BF6234AA7E400CD4776 = {
			isa = PBXGroup;
			children = (
				7DCC5C01234AA7E400CD4776 /* IphoneInventoryTracker */,
				7DCC5C00234AA7E400CD4776 /* Products */,
			);
			sourceTree = "<group>";
		};
		7DCC5C00234AA7E400CD4776 /* Products */ = {
			isa = PBXGroup;
			children = (
				7DCC5BFF234AA7E400CD4776 /* IphoneInventoryTracker.app */,
			);
			name = Products;
			sourceTree = "<group>";
		};
		7DCC5C01234AA7E400CD4776 /* IphoneInventoryTracker */ = {
			isa = PBXGroup;
			children = (
				7DCC5C02234AA7E400CD4776 /* AppDelegate.swift */,
				7DCC5C04234AA7E400CD4776 /* SceneDelegate.swift */,
				7DCC5C29234ABF6100CD4776 /* Models */,
				7DCC5C28234ABF4800CD4776 /* Views */,
				7DCC5C26234ABEFB00CD4776 /* Controllers */,
				7DCC5C08234AA7E400CD4776 /* Main.storyboard */,
				7D0349132354FE3000BD1AAF /* MoreStock_Storyboard.storyboard */,
				7DCC5C0B234AA7E700CD4776 /* Assets.xcassets */,
				7DCC5C0D234AA7E700CD4776 /* LaunchScreen.storyboard */,
				7DCC5C10234AA7E700CD4776 /* Info.plist */,
			);
			path = IphoneInventoryTracker;
			sourceTree = "<group>";
		};
		7DCC5C26234ABEFB00CD4776 /* Controllers */ = {
			isa = PBXGroup;
			children = (
				7DCC5C30234AC7D400CD4776 /* Sections_CollectionViewController.swift */,
				7DB454EF234BEECB00CACBCC /* MainInventoryController */,
				7DB454F1234BEF8300CACBCC /* NewOrderController */,
				7DB454F0234BEEF800CACBCC /* AddStockController */,
				7D0349172354FF8700BD1AAF /* MoreStockController */,
			);
			path = Controllers;
			sourceTree = "<group>";
		};
		7DCC5C28234ABF4800CD4776 /* Views */ = {
			isa = PBXGroup;
			children = (
				7DCC5C24234ABECB00CD4776 /* InventoryDetailCell_CollectionViewCell.swift */,
			);
			path = Views;
			sourceTree = "<group>";
		};
		7DCC5C29234ABF6100CD4776 /* Models */ = {
			isa = PBXGroup;
			children = (
				7DCC5C2A234ABF9D00CD4776 /* VenderModel.swift */,
				7DCC5C2C234ABFEE00CD4776 /* Stock.swift */,
				7DE44525234DAC6B007D838B /* CellIdentifiers.swift */,
				7DAECB77234FAC5B006153CA /* StringExtension.swift */,
			);
			path = Models;
			sourceTree = "<group>";
		};
		7DF27304234D9F1900FFC75A /* StockWeightController */ = {
			isa = PBXGroup;
			children = (
				7DCC5C1C234ABE3100CD4776 /* StockWeight_TableViewController.swift */,
				7DE44527234DB338007D838B /* StockWeight_TableViewCell.swift */,
			);
			path = StockWeightController;
			sourceTree = "<group>";
		};
		7DF27305234D9F5200FFC75A /* VenderListController */ = {
			isa = PBXGroup;
			children = (
				7DCC5C1E234ABE4500CD4776 /* VenderList_TableViewController.swift */,
				7DCC5C20234ABE5800CD4776 /* VenderContactInfo_TableViewController.swift */,
			);
			path = VenderListController;
			sourceTree = "<group>";
		};
/* End PBXGroup section */

/* Begin PBXNativeTarget section */
		7DCC5BFE234AA7E400CD4776 /* IphoneInventoryTracker */ = {
			isa = PBXNativeTarget;
			buildConfigurationList = 7DCC5C13234AA7E700CD4776 /* Build configuration list for PBXNativeTarget "IphoneInventoryTracker" */;
			buildPhases = (
				7DCC5BFB234AA7E400CD4776 /* Sources */,
				7DCC5BFC234AA7E400CD4776 /* Frameworks */,
				7DCC5BFD234AA7E400CD4776 /* Resources */,
			);
			buildRules = (
			);
			dependencies = (
			);
			name = IphoneInventoryTracker;
			productName = IphoneInventoryTracker;
			productReference = 7DCC5BFF234AA7E400CD4776 /* IphoneInventoryTracker.app */;
			productType = "com.apple.product-type.application";
		};
/* End PBXNativeTarget section */

/* Begin PBXProject section */
		7DCC5BF7234AA7E400CD4776 /* Project object */ = {
			isa = PBXProject;
			attributes = {
				LastSwiftUpdateCheck = 1110;
				LastUpgradeCheck = 1110;
				ORGANIZATIONNAME = "Scott Leonard";
				TargetAttributes = {
					7DCC5BFE234AA7E400CD4776 = {
						CreatedOnToolsVersion = 11.1;
					};
				};
			};
			buildConfigurationList = 7DCC5BFA234AA7E400CD4776 /* Build configuration list for PBXProject "IphoneInventoryTracker" */;
			compatibilityVersion = "Xcode 9.3";
			developmentRegion = en;
			hasScannedForEncodings = 0;
			knownRegions = (
				en,
				Base,
			);
			mainGroup = 7DCC5BF6234AA7E400CD4776;
			productRefGroup = 7DCC5C00234AA7E400CD4776 /* Products */;
			projectDirPath = "";
			projectRoot = "";
			targets = (
				7DCC5BFE234AA7E400CD4776 /* IphoneInventoryTracker */,
			);
		};
/* End PBXProject section */

/* Begin PBXResourcesBuildPhase section */
		7DCC5BFD234AA7E400CD4776 /* Resources */ = {
			isa = PBXResourcesBuildPhase;
			buildActionMask = 2147483647;
			files = (
				7DCC5C0F234AA7E700CD4776 /* LaunchScreen.storyboard in Resources */,
				7D0349142354FE3000BD1AAF /* MoreStock_Storyboard.storyboard in Resources */,
				7DCC5C0C234AA7E700CD4776 /* Assets.xcassets in Resources */,
				7DCC5C0A234AA7E400CD4776 /* Main.storyboard in Resources */,
			);
			runOnlyForDeploymentPostprocessing = 0;
		};
/* End PBXResourcesBuildPhase section */

/* Begin PBXSourcesBuildPhase section */
		7DCC5BFB234AA7E400CD4776 /* Sources */ = {
			isa = PBXSourcesBuildPhase;
			buildActionMask = 2147483647;
			files = (
				7DCC5C2B234ABF9D00CD4776 /* VenderModel.swift in Sources */,
				7DCC5C23234ABEA100CD4776 /* InventoryTracker_CollectionViewController.swift in Sources */,
				7DCC5C2D234ABFEE00CD4776 /* Stock.swift in Sources */,
				7D0349162354FF7F00BD1AAF /* MoreStock_TableViewController.swift in Sources */,
				7DE44528234DB338007D838B /* StockWeight_TableViewCell.swift in Sources */,
				7DCC5C19234ABDFE00CD4776 /* NewStock_TableViewController.swift in Sources */,
				7DCC5C21234ABE5800CD4776 /* VenderContactInfo_TableViewController.swift in Sources */,
				7DCC5C17234ABDBB00CD4776 /* NewOrder_TableViewController.swift in Sources */,
				7DE44526234DAC6B007D838B /* CellIdentifiers.swift in Sources */,
				7DCC5C31234AC7D500CD4776 /* Sections_CollectionViewController.swift in Sources */,
				7DCC5C03234AA7E400CD4776 /* AppDelegate.swift in Sources */,
				7D1911BD234C0B3600D699FB /* CustomCellTableViewCell.swift in Sources */,
				7DCC5C2F234AC73000CD4776 /* DataSource_InventoryTracker.swift in Sources */,
				7DCC5C1B234ABE2100CD4776 /* ParentSheetSize_TableViewController.swift in Sources */,
				7DCC5C1F234ABE4500CD4776 /* VenderList_TableViewController.swift in Sources */,
				7DAECB78234FAC5B006153CA /* StringExtension.swift in Sources */,
				7DCC5C05234AA7E400CD4776 /* SceneDelegate.swift in Sources */,
				7DCC5C25234ABECB00CD4776 /* InventoryDetailCell_CollectionViewCell.swift in Sources */,
				7DCC5C1D234ABE3100CD4776 /* StockWeight_TableViewController.swift in Sources */,
			);
			runOnlyForDeploymentPostprocessing = 0;
		};
/* End PBXSourcesBuildPhase section */

/* Begin PBXVariantGroup section */
		7DCC5C08234AA7E400CD4776 /* Main.storyboard */ = {
			isa = PBXVariantGroup;
			children = (
				7DCC5C09234AA7E400CD4776 /* Base */,
			);
			name = Main.storyboard;
			sourceTree = "<group>";
		};
		7DCC5C0D234AA7E700CD4776 /* LaunchScreen.storyboard */ = {
			isa = PBXVariantGroup;
			children = (
				7DCC5C0E234AA7E700CD4776 /* Base */,
			);
			name = LaunchScreen.storyboard;
			sourceTree = "<group>";
		};
/* End PBXVariantGroup section */

/* Begin XCBuildConfiguration section */
		7DCC5C11234AA7E700CD4776 /* Debug */ = {
			isa = XCBuildConfiguration;
			buildSettings = {
				ALWAYS_SEARCH_USER_PATHS = NO;
				CLANG_ANALYZER_NONNULL = YES;
				CLANG_ANALYZER_NUMBER_OBJECT_CONVERSION = YES_AGGRESSIVE;
				CLANG_CXX_LANGUAGE_STANDARD = "gnu++14";
				CLANG_CXX_LIBRARY = "libc++";
				CLANG_ENABLE_MODULES = YES;
				CLANG_ENABLE_OBJC_ARC = YES;
				CLANG_ENABLE_OBJC_WEAK = YES;
				CLANG_WARN_BLOCK_CAPTURE_AUTORELEASING = YES;
				CLANG_WARN_BOOL_CONVERSION = YES;
				CLANG_WARN_COMMA = YES;
				CLANG_WARN_CONSTANT_CONVERSION = YES;
				CLANG_WARN_DEPRECATED_OBJC_IMPLEMENTATIONS = YES;
				CLANG_WARN_DIRECT_OBJC_ISA_USAGE = YES_ERROR;
				CLANG_WARN_DOCUMENTATION_COMMENTS = YES;
				CLANG_WARN_EMPTY_BODY = YES;
				CLANG_WARN_ENUM_CONVERSION = YES;
				CLANG_WARN_INFINITE_RECURSION = YES;
				CLANG_WARN_INT_CONVERSION = YES;
				CLANG_WARN_NON_LITERAL_NULL_CONVERSION = YES;
				CLANG_WARN_OBJC_IMPLICIT_RETAIN_SELF = YES;
				CLANG_WARN_OBJC_LITERAL_CONVERSION = YES;
				CLANG_WARN_OBJC_ROOT_CLASS = YES_ERROR;
				CLANG_WARN_RANGE_LOOP_ANALYSIS = YES;
				CLANG_WARN_STRICT_PROTOTYPES = YES;
				CLANG_WARN_SUSPICIOUS_MOVE = YES;
				CLANG_WARN_UNGUARDED_AVAILABILITY = YES_AGGRESSIVE;
				CLANG_WARN_UNREACHABLE_CODE = YES;
				CLANG_WARN__DUPLICATE_METHOD_MATCH = YES;
				COPY_PHASE_STRIP = NO;
				DEBUG_INFORMATION_FORMAT = dwarf;
				ENABLE_STRICT_OBJC_MSGSEND = YES;
				ENABLE_TESTABILITY = YES;
				GCC_C_LANGUAGE_STANDARD = gnu11;
				GCC_DYNAMIC_NO_PIC = NO;
				GCC_NO_COMMON_BLOCKS = YES;
				GCC_OPTIMIZATION_LEVEL = 0;
				GCC_PREPROCESSOR_DEFINITIONS = (
					"DEBUG=1",
					"$(inherited)",
				);
				GCC_WARN_64_TO_32_BIT_CONVERSION = YES;
				GCC_WARN_ABOUT_RETURN_TYPE = YES_ERROR;
				GCC_WARN_UNDECLARED_SELECTOR = YES;
				GCC_WARN_UNINITIALIZED_AUTOS = YES_AGGRESSIVE;
				GCC_WARN_UNUSED_FUNCTION = YES;
				GCC_WARN_UNUSED_VARIABLE = YES;
				IPHONEOS_DEPLOYMENT_TARGET = 13.1;
				MTL_ENABLE_DEBUG_INFO = INCLUDE_SOURCE;
				MTL_FAST_MATH = YES;
				ONLY_ACTIVE_ARCH = YES;
				SDKROOT = iphoneos;
				SWIFT_ACTIVE_COMPILATION_CONDITIONS = DEBUG;
				SWIFT_OPTIMIZATION_LEVEL = "-Onone";
			};
			name = Debug;
		};
		7DCC5C12234AA7E700CD4776 /* Release */ = {
			isa = XCBuildConfiguration;
			buildSettings = {
				ALWAYS_SEARCH_USER_PATHS = NO;
				CLANG_ANALYZER_NONNULL = YES;
				CLANG_ANALYZER_NUMBER_OBJECT_CONVERSION = YES_AGGRESSIVE;
				CLANG_CXX_LANGUAGE_STANDARD = "gnu++14";
				CLANG_CXX_LIBRARY = "libc++";
				CLANG_ENABLE_MODULES = YES;
				CLANG_ENABLE_OBJC_ARC = YES;
				CLANG_ENABLE_OBJC_WEAK = YES;
				CLANG_WARN_BLOCK_CAPTURE_AUTORELEASING = YES;
				CLANG_WARN_BOOL_CONVERSION = YES;
				CLANG_WARN_COMMA = YES;
				CLANG_WARN_CONSTANT_CONVERSION = YES;
				CLANG_WARN_DEPRECATED_OBJC_IMPLEMENTATIONS = YES;
				CLANG_WARN_DIRECT_OBJC_ISA_USAGE = YES_ERROR;
				CLANG_WARN_DOCUMENTATION_COMMENTS = YES;
				CLANG_WARN_EMPTY_BODY = YES;
				CLANG_WARN_ENUM_CONVERSION = YES;
				CLANG_WARN_INFINITE_RECURSION = YES;
				CLANG_WARN_INT_CONVERSION = YES;
				CLANG_WARN_NON_LITERAL_NULL_CONVERSION = YES;
				CLANG_WARN_OBJC_IMPLICIT_RETAIN_SELF = YES;
				CLANG_WARN_OBJC_LITERAL_CONVERSION = YES;
				CLANG_WARN_OBJC_ROOT_CLASS = YES_ERROR;
				CLANG_WARN_RANGE_LOOP_ANALYSIS = YES;
				CLANG_WARN_STRICT_PROTOTYPES = YES;
				CLANG_WARN_SUSPICIOUS_MOVE = YES;
				CLANG_WARN_UNGUARDED_AVAILABILITY = YES_AGGRESSIVE;
				CLANG_WARN_UNREACHABLE_CODE = YES;
				CLANG_WARN__DUPLICATE_METHOD_MATCH = YES;
				COPY_PHASE_STRIP = NO;
				DEBUG_INFORMATION_FORMAT = "dwarf-with-dsym";
				ENABLE_NS_ASSERTIONS = NO;
				ENABLE_STRICT_OBJC_MSGSEND = YES;
				GCC_C_LANGUAGE_STANDARD = gnu11;
				GCC_NO_COMMON_BLOCKS = YES;
				GCC_WARN_64_TO_32_BIT_CONVERSION = YES;
				GCC_WARN_ABOUT_RETURN_TYPE = YES_ERROR;
				GCC_WARN_UNDECLARED_SELECTOR = YES;
				GCC_WARN_UNINITIALIZED_AUTOS = YES_AGGRESSIVE;
				GCC_WARN_UNUSED_FUNCTION = YES;
				GCC_WARN_UNUSED_VARIABLE = YES;
				IPHONEOS_DEPLOYMENT_TARGET = 13.1;
				MTL_ENABLE_DEBUG_INFO = NO;
				MTL_FAST_MATH = YES;
				SDKROOT = iphoneos;
				SWIFT_COMPILATION_MODE = wholemodule;
				SWIFT_OPTIMIZATION_LEVEL = "-O";
				VALIDATE_PRODUCT = YES;
			};
			name = Release;
		};
		7DCC5C14234AA7E700CD4776 /* Debug */ = {
			isa = XCBuildConfiguration;
			buildSettings = {
				ASSETCATALOG_COMPILER_APPICON_NAME = AppIcon;
				CODE_SIGN_STYLE = Automatic;
				DEVELOPMENT_TEAM = 55P567K3FP;
				INFOPLIST_FILE = IphoneInventoryTracker/Info.plist;
				LD_RUNPATH_SEARCH_PATHS = (
					"$(inherited)",
					"@executable_path/Frameworks",
				);
				PRODUCT_BUNDLE_IDENTIFIER = duhMarketing.IphoneInventoryTracker;
				PRODUCT_NAME = "$(TARGET_NAME)";
				SWIFT_VERSION = 5.0;
				TARGETED_DEVICE_FAMILY = "1,2";
			};
			name = Debug;
		};
		7DCC5C15234AA7E700CD4776 /* Release */ = {
			isa = XCBuildConfiguration;
			buildSettings = {
				ASSETCATALOG_COMPILER_APPICON_NAME = AppIcon;
				CODE_SIGN_STYLE = Automatic;
				DEVELOPMENT_TEAM = 55P567K3FP;
				INFOPLIST_FILE = IphoneInventoryTracker/Info.plist;
				LD_RUNPATH_SEARCH_PATHS = (
					"$(inherited)",
					"@executable_path/Frameworks",
				);
				PRODUCT_BUNDLE_IDENTIFIER = duhMarketing.IphoneInventoryTracker;
				PRODUCT_NAME = "$(TARGET_NAME)";
				SWIFT_VERSION = 5.0;
				TARGETED_DEVICE_FAMILY = "1,2";
			};
			name = Release;
		};
/* End XCBuildConfiguration section */

/* Begin XCConfigurationList section */
		7DCC5BFA234AA7E400CD4776 /* Build configuration list for PBXProject "IphoneInventoryTracker" */ = {
			isa = XCConfigurationList;
			buildConfigurations = (
				7DCC5C11234AA7E700CD4776 /* Debug */,
				7DCC5C12234AA7E700CD4776 /* Release */,
			);
			defaultConfigurationIsVisible = 0;
			defaultConfigurationName = Release;
		};
		7DCC5C13234AA7E700CD4776 /* Build configuration list for PBXNativeTarget "IphoneInventoryTracker" */ = {
			isa = XCConfigurationList;
			buildConfigurations = (
				7DCC5C14234AA7E700CD4776 /* Debug */,
				7DCC5C15234AA7E700CD4776 /* Release */,
			);
			defaultConfigurationIsVisible = 0;
			defaultConfigurationName = Release;
		};
/* End XCConfigurationList section */
	};
	rootObject = 7DCC5BF7234AA7E400CD4776 /* Project object */;
}
